
Microsoft Visual Studio Solution File, Format Version 12.00
# Visual Studio Version 16
VisualStudioVersion = 16.0.29123.88
MinimumVisualStudioVersion = 10.0.40219.1
Project("{FAE04EC0-301F-11D3-BF4B-00C04F79EFBC}") = "CoronaVirus", "CoronaVirus\CoronaVirus.csproj", "{C61579BB-16D1-4789-8D3A-796CBD6A8CD4}"
EndProject
Global
	GlobalSection(SolutionConfigurationPlatforms) = preSolution
		Debug|Any CPU = Debug|Any CPU
		Release|Any CPU = Release|Any CPU
	EndGlobalSection
	GlobalSection(ProjectConfigurationPlatforms) = postSolution
		{C61579BB-16D1-4789-8D3A-796CBD6A8CD4}.Debug|Any CPU.ActiveCfg = Debug|Any CPU
		{C61579BB-16D1-4789-8D3A-796CBD6A8CD4}.Debug|Any CPU.Build.0 = Debug|Any CPU
		{C61579BB-16D1-4789-8D3A-796CBD6A8CD4}.Release|Any CPU.ActiveCfg = Release|Any CPU
		{C61579BB-16D1-4789-8D3A-796CBD6A8CD4}.Release|Any CPU.Build.0 = Release|Any CPU
	EndGlobalSection
	GlobalSection(SolutionProperties) = preSolution
		HideSolutionNode = FALSE
	EndGlobalSection
	GlobalSection(ExtensibilityGlobals) = postSolution
		SolutionGuid = {ED1F079C-31FC-41A4-8787-BAE1AAD8EE10}
	EndGlobalSection
EndGlobal
